
Microsoft Visual Studio Solution File, Format Version 12.00
# Visual Studio 15
Project("{FAE04EC0-301F-11D3-BF4B-00C04F79EFBC}") = "Assembly-CSharp", "Assembly-CSharp.csproj", "{72AC4940-77B6-9296-873D-DF4F0B329D00}"
EndProject
Project("{FAE04EC0-301F-11D3-BF4B-00C04F79EFBC}") = "Assembly-CSharp-Editor", "Assembly-CSharp-Editor.csproj", "{5677DF54-303D-A009-C82B-2C09982D16F8}"
EndProject
Global
	GlobalSection(SolutionConfigurationPlatforms) = preSolution
		Debug|Any CPU = Debug|Any CPU
		Release|Any CPU = Release|Any CPU
	EndGlobalSection
	GlobalSection(ProjectConfigurationPlatforms) = postSolution
		{72AC4940-77B6-9296-873D-DF4F0B329D00}.Debug|Any CPU.ActiveCfg = Debug|Any CPU
		{72AC4940-77B6-9296-873D-DF4F0B329D00}.Debug|Any CPU.Build.0 = Debug|Any CPU
		{72AC4940-77B6-9296-873D-DF4F0B329D00}.Release|Any CPU.ActiveCfg = Release|Any CPU
		{72AC4940-77B6-9296-873D-DF4F0B329D00}.Release|Any CPU.Build.0 = Release|Any CPU
		{5677DF54-303D-A009-C82B-2C09982D16F8}.Debug|Any CPU.ActiveCfg = Debug|Any CPU
		{5677DF54-303D-A009-C82B-2C09982D16F8}.Debug|Any CPU.Build.0 = Debug|Any CPU
		{5677DF54-303D-A009-C82B-2C09982D16F8}.Release|Any CPU.ActiveCfg = Release|Any CPU
		{5677DF54-303D-A009-C82B-2C09982D16F8}.Release|Any CPU.Build.0 = Release|Any CPU
	EndGlobalSection
	GlobalSection(SolutionProperties) = preSolution
		HideSolutionNode = FALSE
	EndGlobalSection
EndGlobal
